
Microsoft Visual Studio Solution File, Format Version 12.00
Project("{FAE04EC0-301F-11D3-BF4B-00C04F79EFBC}") = "SystemNumericsBug", "SystemNumericsBug.csproj", "{59CBD104-4C1B-46F0-B4E6-4C14DEDD2EAE}"
EndProject
Global
	GlobalSection(SolutionConfigurationPlatforms) = preSolution
		Debug|Any CPU = Debug|Any CPU
		Release|Any CPU = Release|Any CPU
	EndGlobalSection
	GlobalSection(ProjectConfigurationPlatforms) = postSolution
		{59CBD104-4C1B-46F0-B4E6-4C14DEDD2EAE}.Debug|Any CPU.ActiveCfg = Debug|Any CPU
		{59CBD104-4C1B-46F0-B4E6-4C14DEDD2EAE}.Debug|Any CPU.Build.0 = Debug|Any CPU
		{59CBD104-4C1B-46F0-B4E6-4C14DEDD2EAE}.Release|Any CPU.ActiveCfg = Release|Any CPU
		{59CBD104-4C1B-46F0-B4E6-4C14DEDD2EAE}.Release|Any CPU.Build.0 = Release|Any CPU
	EndGlobalSection
EndGlobal
